
Microsoft Visual Studio Solution File, Format Version 12.00
# Visual Studio Version 16
VisualStudioVersion = 16.0.29509.3
MinimumVisualStudioVersion = 10.0.40219.1
Project("{9A19103F-16F7-4668-BE54-9A1E7A4F7556}") = "A91WEBAPI", "A91WEBAPI.csproj", "{D3EC1608-403B-4D47-991C-985C00DAB377}"
EndProject
Global
	GlobalSection(SolutionConfigurationPlatforms) = preSolution
		Debug|Any CPU = Debug|Any CPU
		Release|Any CPU = Release|Any CPU
	EndGlobalSection
	GlobalSection(ProjectConfigurationPlatforms) = postSolution
		{D3EC1608-403B-4D47-991C-985C00DAB377}.Debug|Any CPU.ActiveCfg = Debug|Any CPU
		{D3EC1608-403B-4D47-991C-985C00DAB377}.Debug|Any CPU.Build.0 = Debug|Any CPU
		{D3EC1608-403B-4D47-991C-985C00DAB377}.Release|Any CPU.ActiveCfg = Release|Any CPU
		{D3EC1608-403B-4D47-991C-985C00DAB377}.Release|Any CPU.Build.0 = Release|Any CPU
	EndGlobalSection
	GlobalSection(SolutionProperties) = preSolution
		HideSolutionNode = FALSE
	EndGlobalSection
	GlobalSection(ExtensibilityGlobals) = postSolution
		SolutionGuid = {149F10E3-0D39-4F32-8626-CDC89D3A2FDC}
	EndGlobalSection
EndGlobal
